
Microsoft Visual Studio Solution File, Format Version 11.00
# Visual Studio 2010
Project("{8BC9CEB8-8B4A-11D0-8D11-00A0C91BC942}") = "iocpfw", "iocpfw\iocpfw.vcxproj", "{62D433C5-60B4-4A54-9604-2500B8B66775}"
EndProject
Global
	GlobalSection(SolutionConfigurationPlatforms) = preSolution
		Debug|Win32 = Debug|Win32
		Release|Win32 = Release|Win32
	EndGlobalSection
	GlobalSection(ProjectConfigurationPlatforms) = postSolution
		{62D433C5-60B4-4A54-9604-2500B8B66775}.Debug|Win32.ActiveCfg = Debug|Win32
		{62D433C5-60B4-4A54-9604-2500B8B66775}.Debug|Win32.Build.0 = Debug|Win32
		{62D433C5-60B4-4A54-9604-2500B8B66775}.Release|Win32.ActiveCfg = Release|Win32
		{62D433C5-60B4-4A54-9604-2500B8B66775}.Release|Win32.Build.0 = Release|Win32
	EndGlobalSection
	GlobalSection(SolutionProperties) = preSolution
		HideSolutionNode = FALSE
	EndGlobalSection
EndGlobal
